
Microsoft Visual Studio Solution File, Format Version 12.00
# Visual Studio 15
VisualStudioVersion = 15.0.27004.2006
MinimumVisualStudioVersion = 10.0.40219.1
Project("{FAE04EC0-301F-11D3-BF4B-00C04F79EFBC}") = "MQTTClient", "MQTTClient\MQTTClient.csproj", "{9F15DCC9-E2EF-4A8C-A5FD-03A8B194344D}"
EndProject
Project("{FAE04EC0-301F-11D3-BF4B-00C04F79EFBC}") = "MQTTServer", "MQTTTest\MQTTServer.csproj", "{8216A88A-45A1-402E-8F74-65A5E357A7C4}"
EndProject
Project("{FAE04EC0-301F-11D3-BF4B-00C04F79EFBC}") = "MQTT", "MQTT\MQTT.csproj", "{033245DD-8814-46C2-9A04-AAD385453A9A}"
EndProject
Global
	GlobalSection(SolutionConfigurationPlatforms) = preSolution
		Debug|Any CPU = Debug|Any CPU
		Release|Any CPU = Release|Any CPU
	EndGlobalSection
	GlobalSection(ProjectConfigurationPlatforms) = postSolution
		{9F15DCC9-E2EF-4A8C-A5FD-03A8B194344D}.Debug|Any CPU.ActiveCfg = Debug|Any CPU
		{9F15DCC9-E2EF-4A8C-A5FD-03A8B194344D}.Debug|Any CPU.Build.0 = Debug|Any CPU
		{9F15DCC9-E2EF-4A8C-A5FD-03A8B194344D}.Release|Any CPU.ActiveCfg = Release|Any CPU
		{9F15DCC9-E2EF-4A8C-A5FD-03A8B194344D}.Release|Any CPU.Build.0 = Release|Any CPU
		{8216A88A-45A1-402E-8F74-65A5E357A7C4}.Debug|Any CPU.ActiveCfg = Debug|Any CPU
		{8216A88A-45A1-402E-8F74-65A5E357A7C4}.Debug|Any CPU.Build.0 = Debug|Any CPU
		{8216A88A-45A1-402E-8F74-65A5E357A7C4}.Release|Any CPU.ActiveCfg = Release|Any CPU
		{8216A88A-45A1-402E-8F74-65A5E357A7C4}.Release|Any CPU.Build.0 = Release|Any CPU
		{033245DD-8814-46C2-9A04-AAD385453A9A}.Debug|Any CPU.ActiveCfg = Debug|Any CPU
		{033245DD-8814-46C2-9A04-AAD385453A9A}.Debug|Any CPU.Build.0 = Debug|Any CPU
		{033245DD-8814-46C2-9A04-AAD385453A9A}.Release|Any CPU.ActiveCfg = Release|Any CPU
		{033245DD-8814-46C2-9A04-AAD385453A9A}.Release|Any CPU.Build.0 = Release|Any CPU
	EndGlobalSection
	GlobalSection(SolutionProperties) = preSolution
		HideSolutionNode = FALSE
	EndGlobalSection
	GlobalSection(ExtensibilityGlobals) = postSolution
		SolutionGuid = {BFD193B3-6F2A-4881-84C2-12B3DDD5368A}
	EndGlobalSection
EndGlobal
